// !$*UTF8*$!
{
	archiveVersion = 1;
	classes = {
	};
	objectVersion = 46;
	objects = {

/* Begin PBXBuildFile section */
		3D4EE13D1C70EEF60025C3F8 /* AppDelegate.swift in Sources */ = {isa = PBXBuildFile; fileRef = 3D4EE13C1C70EEF60025C3F8 /* AppDelegate.swift */; };
		3D4EE13F1C70EEF60025C3F8 /* ViewController.swift in Sources */ = {isa = PBXBuildFile; fileRef = 3D4EE13E1C70EEF60025C3F8 /* ViewController.swift */; };
		3D4EE1411C70EEF60025C3F8 /* Assets.xcassets in Resources */ = {isa = PBXBuildFile; fileRef = 3D4EE1401C70EEF60025C3F8 /* Assets.xcassets */; };
		3D4EE1441C70EEF60025C3F8 /* Main.storyboard in Resources */ = {isa = PBXBuildFile; fileRef = 3D4EE1421C70EEF60025C3F8 /* Main.storyboard */; };
		3D4EE14C1C70F0FB0025C3F8 /* ImageObject.swift in Sources */ = {isa = PBXBuildFile; fileRef = 3D4EE14B1C70F0FB0025C3F8 /* ImageObject.swift */; };
		3D7579751C89064B009174DD /* Mothership.swift in Sources */ = {isa = PBXBuildFile; fileRef = 3D7579741C89064B009174DD /* Mothership.swift */; };
		3DEA96B11C7A4F3900A2FAC4 /* Utilities.swift in Sources */ = {isa = PBXBuildFile; fileRef = 3DEA96B01C7A4F3900A2FAC4 /* Utilities.swift */; };
		3DFE33871C78F73E00252035 /* ClickableMemeItemView.swift in Sources */ = {isa = PBXBuildFile; fileRef = 3DFE33851C78F73E00252035 /* ClickableMemeItemView.swift */; };
		3DFE33881C78F73E00252035 /* ClickableMemeItemView.xib in Resources */ = {isa = PBXBuildFile; fileRef = 3DFE33861C78F73E00252035 /* ClickableMemeItemView.xib */; };
		77659F62FA39F98FD5BC2974 /* Pods_BlobfishCollectionView.framework in Frameworks */ = {isa = PBXBuildFile; fileRef = E8EF3EA0BA0274D24220B99F /* Pods_BlobfishCollectionView.framework */; };
/* End PBXBuildFile section */

/* Begin PBXFileReference section */
		3D4EE1391C70EEF60025C3F8 /* BlobfishCollectionView.app */ = {isa = PBXFileReference; explicitFileType = wrapper.application; includeInIndex = 0; path = BlobfishCollectionView.app; sourceTree = BUILT_PRODUCTS_DIR; };
		3D4EE13C1C70EEF60025C3F8 /* AppDelegate.swift */ = {isa = PBXFileReference; lastKnownFileType = sourcecode.swift; path = AppDelegate.swift; sourceTree = "<group>"; };
		3D4EE13E1C70EEF60025C3F8 /* ViewController.swift */ = {isa = PBXFileReference; lastKnownFileType = sourcecode.swift; path = ViewController.swift; sourceTree = "<group>"; };
		3D4EE1401C70EEF60025C3F8 /* Assets.xcassets */ = {isa = PBXFileReference; lastKnownFileType = folder.assetcatalog; path = Assets.xcassets; sourceTree = "<group>"; };
		3D4EE1431C70EEF60025C3F8 /* Base */ = {isa = PBXFileReference; lastKnownFileType = file.storyboard; name = Base; path = Base.lproj/Main.storyboard; sourceTree = "<group>"; };
		3D4EE1451C70EEF60025C3F8 /* Info.plist */ = {isa = PBXFileReference; lastKnownFileType = text.plist.xml; path = Info.plist; sourceTree = "<group>"; };
		3D4EE14B1C70F0FB0025C3F8 /* ImageObject.swift */ = {isa = PBXFileReference; fileEncoding = 4; lastKnownFileType = sourcecode.swift; path = ImageObject.swift; sourceTree = "<group>"; };
		3D7579741C89064B009174DD /* Mothership.swift */ = {isa = PBXFileReference; fileEncoding = 4; lastKnownFileType = sourcecode.swift; path = Mothership.swift; sourceTree = "<group>"; };
		3DEA96B01C7A4F3900A2FAC4 /* Utilities.swift */ = {isa = PBXFileReference; fileEncoding = 4; lastKnownFileType = sourcecode.swift; path = Utilities.swift; sourceTree = "<group>"; };
		3DFE33851C78F73E00252035 /* ClickableMemeItemView.swift */ = {isa = PBXFileReference; fileEncoding = 4; lastKnownFileType = sourcecode.swift; path = ClickableMemeItemView.swift; sourceTree = "<group>"; };
		3DFE33861C78F73E00252035 /* ClickableMemeItemView.xib */ = {isa = PBXFileReference; fileEncoding = 4; lastKnownFileType = file.xib; path = ClickableMemeItemView.xib; sourceTree = "<group>"; };
		4ED9D78F3EFEF799EFC48635 /* Pods-BlobfishCollectionView.release.xcconfig */ = {isa = PBXFileReference; includeInIndex = 1; lastKnownFileType = text.xcconfig; name = "Pods-BlobfishCollectionView.release.xcconfig"; path = "Pods/Target Support Files/Pods-BlobfishCollectionView/Pods-BlobfishCollectionView.release.xcconfig"; sourceTree = "<group>"; };
		A8CB3ABAC26D6229B7FFE938 /* Pods-BlobfishCollectionView.debug.xcconfig */ = {isa = PBXFileReference; includeInIndex = 1; lastKnownFileType = text.xcconfig; name = "Pods-BlobfishCollectionView.debug.xcconfig"; path = "Pods/Target Support Files/Pods-BlobfishCollectionView/Pods-BlobfishCollectionView.debug.xcconfig"; sourceTree = "<group>"; };
		E8EF3EA0BA0274D24220B99F /* Pods_BlobfishCollectionView.framework */ = {isa = PBXFileReference; explicitFileType = wrapper.framework; includeInIndex = 0; path = Pods_BlobfishCollectionView.framework; sourceTree = BUILT_PRODUCTS_DIR; };
/* End PBXFileReference section */

/* Begin PBXFrameworksBuildPhase section */
		3D4EE1361C70EEF60025C3F8 /* Frameworks */ = {
			isa = PBXFrameworksBuildPhase;
			buildActionMask = 2147483647;
			files = (
				77659F62FA39F98FD5BC2974 /* Pods_BlobfishCollectionView.framework in Frameworks */,
			);
			runOnlyForDeploymentPostprocessing = 0;
		};
/* End PBXFrameworksBuildPhase section */

/* Begin PBXGroup section */
		3D4EE1301C70EEF60025C3F8 = {
			isa = PBXGroup;
			children = (
				3D4EE13B1C70EEF60025C3F8 /* BlobfishCollectionView */,
				3D4EE13A1C70EEF60025C3F8 /* Products */,
				78AE94DAADE13E1B3A52A6C4 /* Pods */,
				5A9822D495CD65911A928E4A /* Frameworks */,
			);
			sourceTree = "<group>";
		};
		3D4EE13A1C70EEF60025C3F8 /* Products */ = {
			isa = PBXGroup;
			children = (
				3D4EE1391C70EEF60025C3F8 /* BlobfishCollectionView.app */,
			);
			name = Products;
			sourceTree = "<group>";
		};
		3D4EE13B1C70EEF60025C3F8 /* BlobfishCollectionView */ = {
			isa = PBXGroup;
			children = (
				3D4EE13C1C70EEF60025C3F8 /* AppDelegate.swift */,
				3D4EE13E1C70EEF60025C3F8 /* ViewController.swift */,
				3D4EE14B1C70F0FB0025C3F8 /* ImageObject.swift */,
				3D4EE1401C70EEF60025C3F8 /* Assets.xcassets */,
				3D4EE1421C70EEF60025C3F8 /* Main.storyboard */,
				3DFE33851C78F73E00252035 /* ClickableMemeItemView.swift */,
				3DFE33861C78F73E00252035 /* ClickableMemeItemView.xib */,
				3D4EE1451C70EEF60025C3F8 /* Info.plist */,
				3DEA96B01C7A4F3900A2FAC4 /* Utilities.swift */,
				3D7579741C89064B009174DD /* Mothership.swift */,
			);
			path = BlobfishCollectionView;
			sourceTree = "<group>";
		};
		5A9822D495CD65911A928E4A /* Frameworks */ = {
			isa = PBXGroup;
			children = (
				E8EF3EA0BA0274D24220B99F /* Pods_BlobfishCollectionView.framework */,
			);
			name = Frameworks;
			sourceTree = "<group>";
		};
		78AE94DAADE13E1B3A52A6C4 /* Pods */ = {
			isa = PBXGroup;
			children = (
				A8CB3ABAC26D6229B7FFE938 /* Pods-BlobfishCollectionView.debug.xcconfig */,
				4ED9D78F3EFEF799EFC48635 /* Pods-BlobfishCollectionView.release.xcconfig */,
			);
			name = Pods;
			sourceTree = "<group>";
		};
/* End PBXGroup section */

/* Begin PBXNativeTarget section */
		3D4EE1381C70EEF60025C3F8 /* BlobfishCollectionView */ = {
			isa = PBXNativeTarget;
			buildConfigurationList = 3D4EE1481C70EEF60025C3F8 /* Build configuration list for PBXNativeTarget "BlobfishCollectionView" */;
			buildPhases = (
				6699A2CBEAF8A55648F577BF /* Check Pods Manifest.lock */,
				3D4EE1351C70EEF60025C3F8 /* Sources */,
				3D4EE1361C70EEF60025C3F8 /* Frameworks */,
				3D4EE1371C70EEF60025C3F8 /* Resources */,
				9791D6CD3B681AEC0C74120B /* Embed Pods Frameworks */,
				A4647A4CBCA1FB4DB22E0457 /* Copy Pods Resources */,
			);
			buildRules = (
			);
			dependencies = (
			);
			name = BlobfishCollectionView;
			productName = BlobfishCollectionView;
			productReference = 3D4EE1391C70EEF60025C3F8 /* BlobfishCollectionView.app */;
			productType = "com.apple.product-type.application";
		};
/* End PBXNativeTarget section */

/* Begin PBXProject section */
		3D4EE1311C70EEF60025C3F8 /* Project object */ = {
			isa = PBXProject;
			attributes = {
				LastSwiftUpdateCheck = 0720;
				LastUpgradeCheck = 0720;
				ORGANIZATIONNAME = "Jan Grodowski";
				TargetAttributes = {
					3D4EE1381C70EEF60025C3F8 = {
						CreatedOnToolsVersion = 7.2.1;
					};
				};
			};
			buildConfigurationList = 3D4EE1341C70EEF60025C3F8 /* Build configuration list for PBXProject "BlobfishCollectionView" */;
			compatibilityVersion = "Xcode 3.2";
			developmentRegion = English;
			hasScannedForEncodings = 0;
			knownRegions = (
				en,
				Base,
			);
			mainGroup = 3D4EE1301C70EEF60025C3F8;
			productRefGroup = 3D4EE13A1C70EEF60025C3F8 /* Products */;
			projectDirPath = "";
			projectRoot = "";
			targets = (
				3D4EE1381C70EEF60025C3F8 /* BlobfishCollectionView */,
			);
		};
/* End PBXProject section */

/* Begin PBXResourcesBuildPhase section */
		3D4EE1371C70EEF60025C3F8 /* Resources */ = {
			isa = PBXResourcesBuildPhase;
			buildActionMask = 2147483647;
			files = (
				3D4EE1411C70EEF60025C3F8 /* Assets.xcassets in Resources */,
				3D4EE1441C70EEF60025C3F8 /* Main.storyboard in Resources */,
				3DFE33881C78F73E00252035 /* ClickableMemeItemView.xib in Resources */,
			);
			runOnlyForDeploymentPostprocessing = 0;
		};
/* End PBXResourcesBuildPhase section */

/* Begin PBXShellScriptBuildPhase section */
		6699A2CBEAF8A55648F577BF /* Check Pods Manifest.lock */ = {
			isa = PBXShellScriptBuildPhase;
			buildActionMask = 2147483647;
			files = (
			);
			inputPaths = (
			);
			name = "Check Pods Manifest.lock";
			outputPaths = (
			);
			runOnlyForDeploymentPostprocessing = 0;
			shellPath = /bin/sh;
			shellScript = "diff \"${PODS_ROOT}/../Podfile.lock\" \"${PODS_ROOT}/Manifest.lock\" > /dev/null\nif [[ $? != 0 ]] ; then\n    cat << EOM\nerror: The sandbox is not in sync with the Podfile.lock. Run 'pod install' or update your CocoaPods installation.\nEOM\n    exit 1\nfi\n";
			showEnvVarsInLog = 0;
		};
		9791D6CD3B681AEC0C74120B /* Embed Pods Frameworks */ = {
			isa = PBXShellScriptBuildPhase;
			buildActionMask = 2147483647;
			files = (
			);
			inputPaths = (
			);
			name = "Embed Pods Frameworks";
			outputPaths = (
			);
			runOnlyForDeploymentPostprocessing = 0;
			shellPath = /bin/sh;
			shellScript = "\"${SRCROOT}/Pods/Target Support Files/Pods-BlobfishCollectionView/Pods-BlobfishCollectionView-frameworks.sh\"\n";
			showEnvVarsInLog = 0;
		};
		A4647A4CBCA1FB4DB22E0457 /* Copy Pods Resources */ = {
			isa = PBXShellScriptBuildPhase;
			buildActionMask = 2147483647;
			files = (
			);
			inputPaths = (
			);
			name = "Copy Pods Resources";
			outputPaths = (
			);
			runOnlyForDeploymentPostprocessing = 0;
			shellPath = /bin/sh;
			shellScript = "\"${SRCROOT}/Pods/Target Support Files/Pods-BlobfishCollectionView/Pods-BlobfishCollectionView-resources.sh\"\n";
			showEnvVarsInLog = 0;
		};
/* End PBXShellScriptBuildPhase section */

/* Begin PBXSourcesBuildPhase section */
		3D4EE1351C70EEF60025C3F8 /* Sources */ = {
			isa = PBXSourcesBuildPhase;
			buildActionMask = 2147483647;
			files = (
				3D7579751C89064B009174DD /* Mothership.swift in Sources */,
				3D4EE14C1C70F0FB0025C3F8 /* ImageObject.swift in Sources */,
				3DFE33871C78F73E00252035 /* ClickableMemeItemView.swift in Sources */,
				3D4EE13F1C70EEF60025C3F8 /* ViewController.swift in Sources */,
				3DEA96B11C7A4F3900A2FAC4 /* Utilities.swift in Sources */,
				3D4EE13D1C70EEF60025C3F8 /* AppDelegate.swift in Sources */,
			);
			runOnlyForDeploymentPostprocessing = 0;
		};
/* End PBXSourcesBuildPhase section */

/* Begin PBXVariantGroup section */
		3D4EE1421C70EEF60025C3F8 /* Main.storyboard */ = {
			isa = PBXVariantGroup;
			children = (
				3D4EE1431C70EEF60025C3F8 /* Base */,
			);
			name = Main.storyboard;
			sourceTree = "<group>";
		};
/* End PBXVariantGroup section */

/* Begin XCBuildConfiguration section */
		3D4EE1461C70EEF60025C3F8 /* Debug */ = {
			isa = XCBuildConfiguration;
			buildSettings = {
				ALWAYS_SEARCH_USER_PATHS = NO;
				CLANG_CXX_LANGUAGE_STANDARD = "gnu++0x";
				CLANG_CXX_LIBRARY = "libc++";
				CLANG_ENABLE_MODULES = YES;
				CLANG_ENABLE_OBJC_ARC = YES;
				CLANG_WARN_BOOL_CONVERSION = YES;
				CLANG_WARN_CONSTANT_CONVERSION = YES;
				CLANG_WARN_DIRECT_OBJC_ISA_USAGE = YES_ERROR;
				CLANG_WARN_EMPTY_BODY = YES;
				CLANG_WARN_ENUM_CONVERSION = YES;
				CLANG_WARN_INT_CONVERSION = YES;
				CLANG_WARN_OBJC_ROOT_CLASS = YES_ERROR;
				CLANG_WARN_UNREACHABLE_CODE = YES;
				CLANG_WARN__DUPLICATE_METHOD_MATCH = YES;
				CODE_SIGN_IDENTITY = "-";
				COPY_PHASE_STRIP = NO;
				DEBUG_INFORMATION_FORMAT = dwarf;
				ENABLE_STRICT_OBJC_MSGSEND = YES;
				ENABLE_TESTABILITY = YES;
				GCC_C_LANGUAGE_STANDARD = gnu99;
				GCC_DYNAMIC_NO_PIC = NO;
				GCC_NO_COMMON_BLOCKS = YES;
				GCC_OPTIMIZATION_LEVEL = 0;
				GCC_PREPROCESSOR_DEFINITIONS = (
					"DEBUG=1",
					"$(inherited)",
				);
				GCC_WARN_64_TO_32_BIT_CONVERSION = YES;
				GCC_WARN_ABOUT_RETURN_TYPE = YES_ERROR;
				GCC_WARN_UNDECLARED_SELECTOR = YES;
				GCC_WARN_UNINITIALIZED_AUTOS = YES_AGGRESSIVE;
				GCC_WARN_UNUSED_FUNCTION = YES;
				GCC_WARN_UNUSED_VARIABLE = YES;
				MACOSX_DEPLOYMENT_TARGET = 10.11;
				MTL_ENABLE_DEBUG_INFO = YES;
				ONLY_ACTIVE_ARCH = YES;
				SDKROOT = macosx;
				SWIFT_OPTIMIZATION_LEVEL = "-Onone";
			};
			name = Debug;
		};
		3D4EE1471C70EEF60025C3F8 /* Release */ = {
			isa = XCBuildConfiguration;
			buildSettings = {
				ALWAYS_SEARCH_USER_PATHS = NO;
				CLANG_CXX_LANGUAGE_STANDARD = "gnu++0x";
				CLANG_CXX_LIBRARY = "libc++";
				CLANG_ENABLE_MODULES = YES;
				CLANG_ENABLE_OBJC_ARC = YES;
				CLANG_WARN_BOOL_CONVERSION = YES;
				CLANG_WARN_CONSTANT_CONVERSION = YES;
				CLANG_WARN_DIRECT_OBJC_ISA_USAGE = YES_ERROR;
				CLANG_WARN_EMPTY_BODY = YES;
				CLANG_WARN_ENUM_CONVERSION = YES;
				CLANG_WARN_INT_CONVERSION = YES;
				CLANG_WARN_OBJC_ROOT_CLASS = YES_ERROR;
				CLANG_WARN_UNREACHABLE_CODE = YES;
				CLANG_WARN__DUPLICATE_METHOD_MATCH = YES;
				CODE_SIGN_IDENTITY = "-";
				COPY_PHASE_STRIP = NO;
				DEBUG_INFORMATION_FORMAT = "dwarf-with-dsym";
				ENABLE_NS_ASSERTIONS = NO;
				ENABLE_STRICT_OBJC_MSGSEND = YES;
				GCC_C_LANGUAGE_STANDARD = gnu99;
				GCC_NO_COMMON_BLOCKS = YES;
				GCC_WARN_64_TO_32_BIT_CONVERSION = YES;
				GCC_WARN_ABOUT_RETURN_TYPE = YES_ERROR;
				GCC_WARN_UNDECLARED_SELECTOR = YES;
				GCC_WARN_UNINITIALIZED_AUTOS = YES_AGGRESSIVE;
				GCC_WARN_UNUSED_FUNCTION = YES;
				GCC_WARN_UNUSED_VARIABLE = YES;
				MACOSX_DEPLOYMENT_TARGET = 10.11;
				MTL_ENABLE_DEBUG_INFO = NO;
				SDKROOT = macosx;
			};
			name = Release;
		};
		3D4EE1491C70EEF60025C3F8 /* Debug */ = {
			isa = XCBuildConfiguration;
			baseConfigurationReference = A8CB3ABAC26D6229B7FFE938 /* Pods-BlobfishCollectionView.debug.xcconfig */;
			buildSettings = {
				ASSETCATALOG_COMPILER_APPICON_NAME = AppIcon;
				COMBINE_HIDPI_IMAGES = YES;
				CustomAppBundleId = "com.blobfishinc.${PRODUCT_NAME:rfc1034identifier}.${CONFIGURATION}";
				INFOPLIST_FILE = BlobfishCollectionView/Info.plist;
				LD_RUNPATH_SEARCH_PATHS = "$(inherited) @executable_path/../Frameworks";
				OTHER_SWIFT_FLAGS = "$(inherited) \"-D\" \"DEBUG\"";
				PRODUCT_BUNDLE_IDENTIFIER = com.blobfishinc.BlobfishCollectionView;
				PRODUCT_NAME = "$(TARGET_NAME)";
			};
			name = Debug;
		};
		3D4EE14A1C70EEF60025C3F8 /* Release */ = {
			isa = XCBuildConfiguration;
			baseConfigurationReference = 4ED9D78F3EFEF799EFC48635 /* Pods-BlobfishCollectionView.release.xcconfig */;
			buildSettings = {
				ASSETCATALOG_COMPILER_APPICON_NAME = AppIcon;
				COMBINE_HIDPI_IMAGES = YES;
				CustomAppBundleId = "com.blobfishinc.${PRODUCT_NAME:rfc1034identifier}";
				INFOPLIST_FILE = BlobfishCollectionView/Info.plist;
				LD_RUNPATH_SEARCH_PATHS = "$(inherited) @executable_path/../Frameworks";
				PRODUCT_BUNDLE_IDENTIFIER = com.blobfishinc.BlobfishCollectionView;
				PRODUCT_NAME = "$(TARGET_NAME)";
			};
			name = Release;
		};
/* End XCBuildConfiguration section */

/* Begin XCConfigurationList section */
		3D4EE1341C70EEF60025C3F8 /* Build configuration list for PBXProject "BlobfishCollectionView" */ = {
			isa = XCConfigurationList;
			buildConfigurations = (
				3D4EE1461C70EEF60025C3F8 /* Debug */,
				3D4EE1471C70EEF60025C3F8 /* Release */,
			);
			defaultConfigurationIsVisible = 0;
			defaultConfigurationName = Release;
		};
		3D4EE1481C70EEF60025C3F8 /* Build configuration list for PBXNativeTarget "BlobfishCollectionView" */ = {
			isa = XCConfigurationList;
			buildConfigurations = (
				3D4EE1491C70EEF60025C3F8 /* Debug */,
				3D4EE14A1C70EEF60025C3F8 /* Release */,
			);
			defaultConfigurationIsVisible = 0;
			defaultConfigurationName = Release;
		};
/* End XCConfigurationList section */
	};
	rootObject = 3D4EE1311C70EEF60025C3F8 /* Project object */;
}
